
Microsoft Visual Studio Solution File, Format Version 12.00
# Visual Studio Version 17
VisualStudioVersion = 17.3.32825.248
MinimumVisualStudioVersion = 10.0.40219.1
Project("{9A19103F-16F7-4668-BE54-9A1E7A4F7556}") = "MicroService.Template.Transversal.Common", "MicroService.Template.Transversal.Common\MicroService.Template.Transversal.Common.csproj", "{22392D90-61A2-4F29-A1AA-318E2FEB9C57}"
EndProject
Project("{2150E333-8FDC-42A3-9474-1A3956D46DE8}") = "Transversal", "Transversal", "{3A05F2DA-7D78-429F-9C38-D9F3CF8EF2AA}"
EndProject
Project("{2150E333-8FDC-42A3-9474-1A3956D46DE8}") = "Infraestructure", "Infraestructure", "{124E4B6C-8736-4919-B220-921E59D76EDF}"
EndProject
Project("{2150E333-8FDC-42A3-9474-1A3956D46DE8}") = "Domain", "Domain", "{C808D71A-A4C7-48C0-A235-FBBB35CBF7D4}"
EndProject
Project("{2150E333-8FDC-42A3-9474-1A3956D46DE8}") = "Application", "Application", "{02AFACD1-F669-40A4-8A25-356341133B5D}"
EndProject
Project("{2150E333-8FDC-42A3-9474-1A3956D46DE8}") = "WebApi", "WebApi", "{75E8F116-E656-4CE0-B024-77A9958FF660}"
EndProject
Project("{9A19103F-16F7-4668-BE54-9A1E7A4F7556}") = "MicroService.Template.Infraestructure.Data", "MicroService.Template.Infraestructure.Data\MicroService.Template.Infraestructure.Data.csproj", "{F0B4554F-5B94-4E63-B312-D80FC7489984}"
EndProject
Project("{9A19103F-16F7-4668-BE54-9A1E7A4F7556}") = "MicroService.Template.Infraestructure.Interface", "MicroService.Template.Infraestructure.Interface\MicroService.Template.Infraestructure.Interface.csproj", "{CE1CC803-9980-407F-A926-01462520A5FE}"
EndProject
Project("{9A19103F-16F7-4668-BE54-9A1E7A4F7556}") = "MicroService.Template.Domain.Entities", "MicroService.Template.Domain.Entities\MicroService.Template.Domain.Entities.csproj", "{0BD43DDA-AE30-4207-A2B5-28AC9601BF8C}"
EndProject
Project("{9A19103F-16F7-4668-BE54-9A1E7A4F7556}") = "MicroService.Template.Infraestructure.Repositories", "MicroService.Template.Infraestructure.Repositories\MicroService.Template.Infraestructure.Repositories.csproj", "{75A3B656-B211-4F53-99E9-EC4106C9A885}"
EndProject
Project("{9A19103F-16F7-4668-BE54-9A1E7A4F7556}") = "MicroService.Template.Domain.Interface", "MicroService.Template.Domain.Interface\MicroService.Template.Domain.Interface.csproj", "{A00D8EA4-A4DB-42F3-B4EE-A7E92B0DA566}"
EndProject
Project("{9A19103F-16F7-4668-BE54-9A1E7A4F7556}") = "MicroService.Template.Domain.Core", "MicroService.Template.Domain.Core\MicroService.Template.Domain.Core.csproj", "{43FBEF1D-136F-4298-9E78-54EDA3AC2CD3}"
EndProject
Project("{9A19103F-16F7-4668-BE54-9A1E7A4F7556}") = "MicroService.Template.Application.DTO", "MicroService.Template.Aplicacion.DTO\MicroService.Template.Application.DTO.csproj", "{230ED66E-096A-4C56-AC4A-5DE07A9012BF}"
EndProject
Project("{9A19103F-16F7-4668-BE54-9A1E7A4F7556}") = "MicroService.Template.Transversal.Mapper", "MicroService.Template.Transversal.Mapper\MicroService.Template.Transversal.Mapper.csproj", "{F954A045-83BE-41AA-B41B-CB721918C638}"
EndProject
Project("{9A19103F-16F7-4668-BE54-9A1E7A4F7556}") = "MicroService.Template.Application.Interface", "MicroService.Template.Aplicacion.Interface\MicroService.Template.Application.Interface.csproj", "{51B04932-F79A-447E-943D-837C3B9201B9}"
EndProject
Project("{9A19103F-16F7-4668-BE54-9A1E7A4F7556}") = "MicroService.Template.Application.Main", "MicroService.Template.Application.Main\MicroService.Template.Application.Main.csproj", "{9D9405EB-862C-45D1-AE92-E0119B55603A}"
EndProject
Project("{9A19103F-16F7-4668-BE54-9A1E7A4F7556}") = "MicroService.Template.Services.WebApi", "MicroService.Template.Services.WebApi\MicroService.Template.Services.WebApi.csproj", "{6C6B9256-DD46-4835-86D4-0DF74040C409}"
EndProject
Project("{2150E333-8FDC-42A3-9474-1A3956D46DE8}") = "Elementos de la solución", "Elementos de la solución", "{53975ED3-3125-4A11-BAD0-8E310CCDA2DD}"
	ProjectSection(SolutionItems) = preProject
		README.md = README.md
		WatchDog_Setup.sql = WatchDog_Setup.sql
	EndProjectSection
EndProject
Project("{9A19103F-16F7-4668-BE54-9A1E7A4F7556}") = "MicroService.Template.Application.Validator", "MicroService.Template.Application.Validator\MicroService.Template.Application.Validator.csproj", "{08BC1ED2-489B-4A66-A6F3-CB704203955C}"
EndProject
Project("{2150E333-8FDC-42A3-9474-1A3956D46DE8}") = "UnitTest", "UnitTest", "{BC548CB7-DD85-42D3-A62C-4F0AF944ABE0}"
EndProject
Project("{9A19103F-16F7-4668-BE54-9A1E7A4F7556}") = "MicroService.Template.Application.MsTest", "MicroService.Template.Application.MsTest\MicroService.Template.Application.MsTest.csproj", "{F01EFB66-D5C7-451C-9F30-AD98BB392AC8}"
EndProject
Project("{FAE04EC0-301F-11D3-BF4B-00C04F79EFBC}") = "MicroService.Template.Transversal.Logging", "MicroService.Template.Transversal.Logging\MicroService.Template.Transversal.Logging.csproj", "{765929EE-EEE4-4095-83C1-14BAD43AE824}"
EndProject
Global
	GlobalSection(SolutionConfigurationPlatforms) = preSolution
		Debug|Any CPU = Debug|Any CPU
		Release|Any CPU = Release|Any CPU
	EndGlobalSection
	GlobalSection(ProjectConfigurationPlatforms) = postSolution
		{22392D90-61A2-4F29-A1AA-318E2FEB9C57}.Debug|Any CPU.ActiveCfg = Debug|Any CPU
		{22392D90-61A2-4F29-A1AA-318E2FEB9C57}.Debug|Any CPU.Build.0 = Debug|Any CPU
		{22392D90-61A2-4F29-A1AA-318E2FEB9C57}.Release|Any CPU.ActiveCfg = Release|Any CPU
		{22392D90-61A2-4F29-A1AA-318E2FEB9C57}.Release|Any CPU.Build.0 = Release|Any CPU
		{F0B4554F-5B94-4E63-B312-D80FC7489984}.Debug|Any CPU.ActiveCfg = Debug|Any CPU
		{F0B4554F-5B94-4E63-B312-D80FC7489984}.Debug|Any CPU.Build.0 = Debug|Any CPU
		{F0B4554F-5B94-4E63-B312-D80FC7489984}.Release|Any CPU.ActiveCfg = Release|Any CPU
		{F0B4554F-5B94-4E63-B312-D80FC7489984}.Release|Any CPU.Build.0 = Release|Any CPU
		{CE1CC803-9980-407F-A926-01462520A5FE}.Debug|Any CPU.ActiveCfg = Debug|Any CPU
		{CE1CC803-9980-407F-A926-01462520A5FE}.Debug|Any CPU.Build.0 = Debug|Any CPU
		{CE1CC803-9980-407F-A926-01462520A5FE}.Release|Any CPU.ActiveCfg = Release|Any CPU
		{CE1CC803-9980-407F-A926-01462520A5FE}.Release|Any CPU.Build.0 = Release|Any CPU
		{0BD43DDA-AE30-4207-A2B5-28AC9601BF8C}.Debug|Any CPU.ActiveCfg = Debug|Any CPU
		{0BD43DDA-AE30-4207-A2B5-28AC9601BF8C}.Debug|Any CPU.Build.0 = Debug|Any CPU
		{0BD43DDA-AE30-4207-A2B5-28AC9601BF8C}.Release|Any CPU.ActiveCfg = Release|Any CPU
		{0BD43DDA-AE30-4207-A2B5-28AC9601BF8C}.Release|Any CPU.Build.0 = Release|Any CPU
		{75A3B656-B211-4F53-99E9-EC4106C9A885}.Debug|Any CPU.ActiveCfg = Debug|Any CPU
		{75A3B656-B211-4F53-99E9-EC4106C9A885}.Debug|Any CPU.Build.0 = Debug|Any CPU
		{75A3B656-B211-4F53-99E9-EC4106C9A885}.Release|Any CPU.ActiveCfg = Release|Any CPU
		{75A3B656-B211-4F53-99E9-EC4106C9A885}.Release|Any CPU.Build.0 = Release|Any CPU
		{A00D8EA4-A4DB-42F3-B4EE-A7E92B0DA566}.Debug|Any CPU.ActiveCfg = Debug|Any CPU
		{A00D8EA4-A4DB-42F3-B4EE-A7E92B0DA566}.Debug|Any CPU.Build.0 = Debug|Any CPU
		{A00D8EA4-A4DB-42F3-B4EE-A7E92B0DA566}.Release|Any CPU.ActiveCfg = Release|Any CPU
		{A00D8EA4-A4DB-42F3-B4EE-A7E92B0DA566}.Release|Any CPU.Build.0 = Release|Any CPU
		{43FBEF1D-136F-4298-9E78-54EDA3AC2CD3}.Debug|Any CPU.ActiveCfg = Debug|Any CPU
		{43FBEF1D-136F-4298-9E78-54EDA3AC2CD3}.Debug|Any CPU.Build.0 = Debug|Any CPU
		{43FBEF1D-136F-4298-9E78-54EDA3AC2CD3}.Release|Any CPU.ActiveCfg = Release|Any CPU
		{43FBEF1D-136F-4298-9E78-54EDA3AC2CD3}.Release|Any CPU.Build.0 = Release|Any CPU
		{230ED66E-096A-4C56-AC4A-5DE07A9012BF}.Debug|Any CPU.ActiveCfg = Debug|Any CPU
		{230ED66E-096A-4C56-AC4A-5DE07A9012BF}.Debug|Any CPU.Build.0 = Debug|Any CPU
		{230ED66E-096A-4C56-AC4A-5DE07A9012BF}.Release|Any CPU.ActiveCfg = Release|Any CPU
		{230ED66E-096A-4C56-AC4A-5DE07A9012BF}.Release|Any CPU.Build.0 = Release|Any CPU
		{F954A045-83BE-41AA-B41B-CB721918C638}.Debug|Any CPU.ActiveCfg = Debug|Any CPU
		{F954A045-83BE-41AA-B41B-CB721918C638}.Debug|Any CPU.Build.0 = Debug|Any CPU
		{F954A045-83BE-41AA-B41B-CB721918C638}.Release|Any CPU.ActiveCfg = Release|Any CPU
		{F954A045-83BE-41AA-B41B-CB721918C638}.Release|Any CPU.Build.0 = Release|Any CPU
		{51B04932-F79A-447E-943D-837C3B9201B9}.Debug|Any CPU.ActiveCfg = Debug|Any CPU
		{51B04932-F79A-447E-943D-837C3B9201B9}.Debug|Any CPU.Build.0 = Debug|Any CPU
		{51B04932-F79A-447E-943D-837C3B9201B9}.Release|Any CPU.ActiveCfg = Release|Any CPU
		{51B04932-F79A-447E-943D-837C3B9201B9}.Release|Any CPU.Build.0 = Release|Any CPU
		{9D9405EB-862C-45D1-AE92-E0119B55603A}.Debug|Any CPU.ActiveCfg = Debug|Any CPU
		{9D9405EB-862C-45D1-AE92-E0119B55603A}.Debug|Any CPU.Build.0 = Debug|Any CPU
		{9D9405EB-862C-45D1-AE92-E0119B55603A}.Release|Any CPU.ActiveCfg = Release|Any CPU
		{9D9405EB-862C-45D1-AE92-E0119B55603A}.Release|Any CPU.Build.0 = Release|Any CPU
		{6C6B9256-DD46-4835-86D4-0DF74040C409}.Debug|Any CPU.ActiveCfg = Debug|Any CPU
		{6C6B9256-DD46-4835-86D4-0DF74040C409}.Debug|Any CPU.Build.0 = Debug|Any CPU
		{6C6B9256-DD46-4835-86D4-0DF74040C409}.Release|Any CPU.ActiveCfg = Release|Any CPU
		{6C6B9256-DD46-4835-86D4-0DF74040C409}.Release|Any CPU.Build.0 = Release|Any CPU
		{08BC1ED2-489B-4A66-A6F3-CB704203955C}.Debug|Any CPU.ActiveCfg = Debug|Any CPU
		{08BC1ED2-489B-4A66-A6F3-CB704203955C}.Debug|Any CPU.Build.0 = Debug|Any CPU
		{08BC1ED2-489B-4A66-A6F3-CB704203955C}.Release|Any CPU.ActiveCfg = Release|Any CPU
		{08BC1ED2-489B-4A66-A6F3-CB704203955C}.Release|Any CPU.Build.0 = Release|Any CPU
		{F01EFB66-D5C7-451C-9F30-AD98BB392AC8}.Debug|Any CPU.ActiveCfg = Debug|Any CPU
		{F01EFB66-D5C7-451C-9F30-AD98BB392AC8}.Debug|Any CPU.Build.0 = Debug|Any CPU
		{F01EFB66-D5C7-451C-9F30-AD98BB392AC8}.Release|Any CPU.ActiveCfg = Release|Any CPU
		{F01EFB66-D5C7-451C-9F30-AD98BB392AC8}.Release|Any CPU.Build.0 = Release|Any CPU
		{765929EE-EEE4-4095-83C1-14BAD43AE824}.Debug|Any CPU.ActiveCfg = Debug|Any CPU
		{765929EE-EEE4-4095-83C1-14BAD43AE824}.Debug|Any CPU.Build.0 = Debug|Any CPU
		{765929EE-EEE4-4095-83C1-14BAD43AE824}.Release|Any CPU.ActiveCfg = Release|Any CPU
		{765929EE-EEE4-4095-83C1-14BAD43AE824}.Release|Any CPU.Build.0 = Release|Any CPU
	EndGlobalSection
	GlobalSection(SolutionProperties) = preSolution
		HideSolutionNode = FALSE
	EndGlobalSection
	GlobalSection(NestedProjects) = preSolution
		{22392D90-61A2-4F29-A1AA-318E2FEB9C57} = {3A05F2DA-7D78-429F-9C38-D9F3CF8EF2AA}
		{F0B4554F-5B94-4E63-B312-D80FC7489984} = {124E4B6C-8736-4919-B220-921E59D76EDF}
		{CE1CC803-9980-407F-A926-01462520A5FE} = {124E4B6C-8736-4919-B220-921E59D76EDF}
		{0BD43DDA-AE30-4207-A2B5-28AC9601BF8C} = {C808D71A-A4C7-48C0-A235-FBBB35CBF7D4}
		{75A3B656-B211-4F53-99E9-EC4106C9A885} = {124E4B6C-8736-4919-B220-921E59D76EDF}
		{A00D8EA4-A4DB-42F3-B4EE-A7E92B0DA566} = {C808D71A-A4C7-48C0-A235-FBBB35CBF7D4}
		{43FBEF1D-136F-4298-9E78-54EDA3AC2CD3} = {C808D71A-A4C7-48C0-A235-FBBB35CBF7D4}
		{230ED66E-096A-4C56-AC4A-5DE07A9012BF} = {02AFACD1-F669-40A4-8A25-356341133B5D}
		{F954A045-83BE-41AA-B41B-CB721918C638} = {3A05F2DA-7D78-429F-9C38-D9F3CF8EF2AA}
		{51B04932-F79A-447E-943D-837C3B9201B9} = {02AFACD1-F669-40A4-8A25-356341133B5D}
		{9D9405EB-862C-45D1-AE92-E0119B55603A} = {02AFACD1-F669-40A4-8A25-356341133B5D}
		{6C6B9256-DD46-4835-86D4-0DF74040C409} = {75E8F116-E656-4CE0-B024-77A9958FF660}
		{08BC1ED2-489B-4A66-A6F3-CB704203955C} = {02AFACD1-F669-40A4-8A25-356341133B5D}
		{F01EFB66-D5C7-451C-9F30-AD98BB392AC8} = {BC548CB7-DD85-42D3-A62C-4F0AF944ABE0}
		{765929EE-EEE4-4095-83C1-14BAD43AE824} = {3A05F2DA-7D78-429F-9C38-D9F3CF8EF2AA}
	EndGlobalSection
	GlobalSection(ExtensibilityGlobals) = postSolution
		SolutionGuid = {54429ED7-B4E3-4329-81BC-5261BE0A87D4}
	EndGlobalSection
EndGlobal
